
Microsoft Visual Studio Solution File, Format Version 12.00
# Visual Studio Version 17
VisualStudioVersion = 17.14.36212.18 d17.14
MinimumVisualStudioVersion = 10.0.40219.1
Project("{FAE04EC0-301F-11D3-BF4B-00C04F79EFBC}") = "Layer_01_DAL", "Layer_01_DAL\Layer_01_DAL.csproj", "{8C6D309B-E8C4-4B79-8B69-C8CCE21B6839}"
EndProject
Project("{FAE04EC0-301F-11D3-BF4B-00C04F79EFBC}") = "Layer_02_BLL", "Layer_02_BLL\Layer_02_BLL.csproj", "{8CF6594D-ABD9-4E51-ACF0-37670955F4E9}"
EndProject
Project("{FAE04EC0-301F-11D3-BF4B-00C04F79EFBC}") = "Layer_03_GUI", "Layer_03_GUI\Layer_03_GUI.csproj", "{8AF3F2FD-F21A-4844-BB73-5E6C2B4E036D}"
EndProject
Global
	GlobalSection(SolutionConfigurationPlatforms) = preSolution
		Debug|Any CPU = Debug|Any CPU
		Release|Any CPU = Release|Any CPU
	EndGlobalSection
	GlobalSection(ProjectConfigurationPlatforms) = postSolution
		{8C6D309B-E8C4-4B79-8B69-C8CCE21B6839}.Debug|Any CPU.ActiveCfg = Debug|Any CPU
		{8C6D309B-E8C4-4B79-8B69-C8CCE21B6839}.Debug|Any CPU.Build.0 = Debug|Any CPU
		{8C6D309B-E8C4-4B79-8B69-C8CCE21B6839}.Release|Any CPU.ActiveCfg = Release|Any CPU
		{8C6D309B-E8C4-4B79-8B69-C8CCE21B6839}.Release|Any CPU.Build.0 = Release|Any CPU
		{8CF6594D-ABD9-4E51-ACF0-37670955F4E9}.Debug|Any CPU.ActiveCfg = Debug|Any CPU
		{8CF6594D-ABD9-4E51-ACF0-37670955F4E9}.Debug|Any CPU.Build.0 = Debug|Any CPU
		{8CF6594D-ABD9-4E51-ACF0-37670955F4E9}.Release|Any CPU.ActiveCfg = Release|Any CPU
		{8CF6594D-ABD9-4E51-ACF0-37670955F4E9}.Release|Any CPU.Build.0 = Release|Any CPU
		{8AF3F2FD-F21A-4844-BB73-5E6C2B4E036D}.Debug|Any CPU.ActiveCfg = Debug|Any CPU
		{8AF3F2FD-F21A-4844-BB73-5E6C2B4E036D}.Debug|Any CPU.Build.0 = Debug|Any CPU
		{8AF3F2FD-F21A-4844-BB73-5E6C2B4E036D}.Release|Any CPU.ActiveCfg = Release|Any CPU
		{8AF3F2FD-F21A-4844-BB73-5E6C2B4E036D}.Release|Any CPU.Build.0 = Release|Any CPU
	EndGlobalSection
	GlobalSection(SolutionProperties) = preSolution
		HideSolutionNode = FALSE
	EndGlobalSection
	GlobalSection(ExtensibilityGlobals) = postSolution
		SolutionGuid = {4AE1B90D-7D2F-4099-B580-3E2DDFA5BE66}
	EndGlobalSection
EndGlobal
